
Microsoft Visual Studio Solution File, Format Version 12.00
# Visual Studio Version 17
VisualStudioVersion = 17.3.32825.248
MinimumVisualStudioVersion = 10.0.40219.1
Project("{8BC9CEB8-8B4A-11D0-8D11-00A0C91BC942}") = "ArkanoidGame", "ArkanoidGame\ArkanoidGame.vcxproj", "{AEFA6E09-AA22-4A10-AAE3-57D09482A785}"
EndProject
Global
	GlobalSection(SolutionConfigurationPlatforms) = preSolution
		Debug|x64 = Debug|x64
		Debug|x86 = Debug|x86
		Release|x64 = Release|x64
		Release|x86 = Release|x86
	EndGlobalSection
	GlobalSection(ProjectConfigurationPlatforms) = postSolution
		{AEFA6E09-AA22-4A10-AAE3-57D09482A785}.Debug|x64.ActiveCfg = Debug|x64
		{AEFA6E09-AA22-4A10-AAE3-57D09482A785}.Debug|x64.Build.0 = Debug|x64
		{AEFA6E09-AA22-4A10-AAE3-57D09482A785}.Debug|x86.ActiveCfg = Debug|Win32
		{AEFA6E09-AA22-4A10-AAE3-57D09482A785}.Debug|x86.Build.0 = Debug|Win32
		{AEFA6E09-AA22-4A10-AAE3-57D09482A785}.Release|x64.ActiveCfg = Release|x64
		{AEFA6E09-AA22-4A10-AAE3-57D09482A785}.Release|x64.Build.0 = Release|x64
		{AEFA6E09-AA22-4A10-AAE3-57D09482A785}.Release|x86.ActiveCfg = Release|Win32
		{AEFA6E09-AA22-4A10-AAE3-57D09482A785}.Release|x86.Build.0 = Release|Win32
	EndGlobalSection
	GlobalSection(SolutionProperties) = preSolution
		HideSolutionNode = FALSE
	EndGlobalSection
	GlobalSection(ExtensibilityGlobals) = postSolution
		SolutionGuid = {8722CE66-AF30-4508-8F22-64BFC182E13A}
	EndGlobalSection
EndGlobal
